
Microsoft Visual Studio Solution File, Format Version 12.00
# Visual Studio Version 17
VisualStudioVersion = 17.7.34003.232
MinimumVisualStudioVersion = 10.0.40219.1
Project("{FAE04EC0-301F-11D3-BF4B-00C04F79EFBC}") = "Airline Management System", "Airline Management System.csproj", "{15AB32AD-0DBE-4986-9BA9-972C88F394F8}"
EndProject
Global
	GlobalSection(SolutionConfigurationPlatforms) = preSolution
		Debug|Any CPU = Debug|Any CPU
		Release|Any CPU = Release|Any CPU
	EndGlobalSection
	GlobalSection(ProjectConfigurationPlatforms) = postSolution
		{15AB32AD-0DBE-4986-9BA9-972C88F394F8}.Debug|Any CPU.ActiveCfg = Debug|Any CPU
		{15AB32AD-0DBE-4986-9BA9-972C88F394F8}.Debug|Any CPU.Build.0 = Debug|Any CPU
		{15AB32AD-0DBE-4986-9BA9-972C88F394F8}.Release|Any CPU.ActiveCfg = Release|Any CPU
		{15AB32AD-0DBE-4986-9BA9-972C88F394F8}.Release|Any CPU.Build.0 = Release|Any CPU
	EndGlobalSection
	GlobalSection(SolutionProperties) = preSolution
		HideSolutionNode = FALSE
	EndGlobalSection
	GlobalSection(ExtensibilityGlobals) = postSolution
		SolutionGuid = {56259008-6771-40AD-B1A8-6663CE38B1F8}
	EndGlobalSection
EndGlobal
